
Microsoft Visual Studio Solution File, Format Version 12.00
# Visual Studio Version 17
VisualStudioVersion = 17.1.32407.343
MinimumVisualStudioVersion = 10.0.40219.1
Project("{9A19103F-16F7-4668-BE54-9A1E7A4F7556}") = "WebMVC1", "WebMVC1\WebMVC1.csproj", "{5BE7222B-BE72-43AA-85E8-456FD2F65F3B}"
EndProject
Global
	GlobalSection(SolutionConfigurationPlatforms) = preSolution
		Debug|Any CPU = Debug|Any CPU
		Release|Any CPU = Release|Any CPU
	EndGlobalSection
	GlobalSection(ProjectConfigurationPlatforms) = postSolution
		{5BE7222B-BE72-43AA-85E8-456FD2F65F3B}.Debug|Any CPU.ActiveCfg = Debug|Any CPU
		{5BE7222B-BE72-43AA-85E8-456FD2F65F3B}.Debug|Any CPU.Build.0 = Debug|Any CPU
		{5BE7222B-BE72-43AA-85E8-456FD2F65F3B}.Release|Any CPU.ActiveCfg = Release|Any CPU
		{5BE7222B-BE72-43AA-85E8-456FD2F65F3B}.Release|Any CPU.Build.0 = Release|Any CPU
	EndGlobalSection
	GlobalSection(SolutionProperties) = preSolution
		HideSolutionNode = FALSE
	EndGlobalSection
	GlobalSection(ExtensibilityGlobals) = postSolution
		SolutionGuid = {E31EAEAC-E5D9-4CF0-BD82-A4BE5C72C208}
	EndGlobalSection
EndGlobal
